
Microsoft Visual Studio Solution File, Format Version 12.00
# Visual Studio Version 17
VisualStudioVersion = 17.5.33627.172
MinimumVisualStudioVersion = 10.0.40219.1
Project("{9A19103F-16F7-4668-BE54-9A1E7A4F7556}") = "GiggleSharp", "GiggleSharp\GiggleSharp.csproj", "{F32A2D08-FF6F-4E84-8133-770242B58FEA}"
EndProject
Project("{2150E333-8FDC-42A3-9474-1A3956D46DE8}") = "vrc-oscquery-lib", "vrc-oscquery-lib", "{2AD89DB2-94BE-49A7-891E-D3BCF8C8B7E0}"
EndProject
Project("{9A19103F-16F7-4668-BE54-9A1E7A4F7556}") = "vrc-oscquery-lib", "vrc-oscquery-lib\vrc-oscquery-lib\vrc-oscquery-lib.csproj", "{65CD3B47-C35A-456D-8BF7-E53B8D0F0271}"
EndProject
Project("{FAE04EC0-301F-11D3-BF4B-00C04F79EFBC}") = "GiggleSharpOscSim", "GiggleSharpOscSim\GiggleSharpOscSim.csproj", "{9A03FF7E-9C33-4054-8F22-56D402B7EB2A}"
EndProject
Global
	GlobalSection(SolutionConfigurationPlatforms) = preSolution
		Debug|Any CPU = Debug|Any CPU
		Release|Any CPU = Release|Any CPU
	EndGlobalSection
	GlobalSection(ProjectConfigurationPlatforms) = postSolution
		{F32A2D08-FF6F-4E84-8133-770242B58FEA}.Debug|Any CPU.ActiveCfg = Debug|Any CPU
		{F32A2D08-FF6F-4E84-8133-770242B58FEA}.Debug|Any CPU.Build.0 = Debug|Any CPU
		{F32A2D08-FF6F-4E84-8133-770242B58FEA}.Release|Any CPU.ActiveCfg = Release|Any CPU
		{F32A2D08-FF6F-4E84-8133-770242B58FEA}.Release|Any CPU.Build.0 = Release|Any CPU
		{65CD3B47-C35A-456D-8BF7-E53B8D0F0271}.Debug|Any CPU.ActiveCfg = Debug|Any CPU
		{65CD3B47-C35A-456D-8BF7-E53B8D0F0271}.Debug|Any CPU.Build.0 = Debug|Any CPU
		{65CD3B47-C35A-456D-8BF7-E53B8D0F0271}.Release|Any CPU.ActiveCfg = Release|Any CPU
		{65CD3B47-C35A-456D-8BF7-E53B8D0F0271}.Release|Any CPU.Build.0 = Release|Any CPU
		{9A03FF7E-9C33-4054-8F22-56D402B7EB2A}.Debug|Any CPU.ActiveCfg = Debug|Any CPU
		{9A03FF7E-9C33-4054-8F22-56D402B7EB2A}.Debug|Any CPU.Build.0 = Debug|Any CPU
		{9A03FF7E-9C33-4054-8F22-56D402B7EB2A}.Release|Any CPU.ActiveCfg = Release|Any CPU
		{9A03FF7E-9C33-4054-8F22-56D402B7EB2A}.Release|Any CPU.Build.0 = Release|Any CPU
	EndGlobalSection
	GlobalSection(SolutionProperties) = preSolution
		HideSolutionNode = FALSE
	EndGlobalSection
	GlobalSection(NestedProjects) = preSolution
		{65CD3B47-C35A-456D-8BF7-E53B8D0F0271} = {2AD89DB2-94BE-49A7-891E-D3BCF8C8B7E0}
	EndGlobalSection
	GlobalSection(ExtensibilityGlobals) = postSolution
		SolutionGuid = {987E81F4-B6B4-4C08-AE99-C26B30D7D243}
	EndGlobalSection
EndGlobal
